// !$*UTF8*$!
{
	archiveVersion = 1;
	classes = {
	};
	objectVersion = 51;
	objects = {

/* Begin PBXBuildFile section */
		743AAF4256D2035CD35211FA /* Pods_MeetingPoint.framework in Frameworks */ = {isa = PBXBuildFile; fileRef = 60DBA73155D364378A6712D9 /* Pods_MeetingPoint.framework */; };
		801E664023CF692E0022942C /* InfoCell.swift in Sources */ = {isa = PBXBuildFile; fileRef = 801E663F23CF692E0022942C /* InfoCell.swift */; };
		801E664223CF74830022942C /* LoaderViewController.swift in Sources */ = {isa = PBXBuildFile; fileRef = 801E664123CF74830022942C /* LoaderViewController.swift */; };
		801E664423CF87C30022942C /* MeetingPoint.swift in Sources */ = {isa = PBXBuildFile; fileRef = 801E664323CF87C30022942C /* MeetingPoint.swift */; };
		801E664623CFAF680022942C /* Event.swift in Sources */ = {isa = PBXBuildFile; fileRef = 801E664523CFAF680022942C /* Event.swift */; };
		801E664823CFC4BA0022942C /* ChoiceListener.swift in Sources */ = {isa = PBXBuildFile; fileRef = 801E664723CFC4BA0022942C /* ChoiceListener.swift */; };
		80B5256323CC882400639888 /* AppDelegate.swift in Sources */ = {isa = PBXBuildFile; fileRef = 80B5256223CC882400639888 /* AppDelegate.swift */; };
		80B5256523CC882400639888 /* CreateSessionViewController.swift in Sources */ = {isa = PBXBuildFile; fileRef = 80B5256423CC882400639888 /* CreateSessionViewController.swift */; };
		80B5256823CC882400639888 /* Main.storyboard in Resources */ = {isa = PBXBuildFile; fileRef = 80B5256623CC882400639888 /* Main.storyboard */; };
		80B5256A23CC882500639888 /* Assets.xcassets in Resources */ = {isa = PBXBuildFile; fileRef = 80B5256923CC882500639888 /* Assets.xcassets */; };
		80B5256D23CC882500639888 /* LaunchScreen.storyboard in Resources */ = {isa = PBXBuildFile; fileRef = 80B5256B23CC882500639888 /* LaunchScreen.storyboard */; };
		80B5257523CC8A8500639888 /* GoogleService-Info.plist in Resources */ = {isa = PBXBuildFile; fileRef = 80B5257423CC8A8500639888 /* GoogleService-Info.plist */; };
		80B5257723CCB6C900639888 /* UserCell.swift in Sources */ = {isa = PBXBuildFile; fileRef = 80B5257623CCB6C900639888 /* UserCell.swift */; };
		80B5257923CCCE0B00639888 /* JoinSessionViewController.swift in Sources */ = {isa = PBXBuildFile; fileRef = 80B5257823CCCE0B00639888 /* JoinSessionViewController.swift */; };
		80B5257B23CDCF5900639888 /* HomeViewController.swift in Sources */ = {isa = PBXBuildFile; fileRef = 80B5257A23CDCF5900639888 /* HomeViewController.swift */; };
		80B5257D23CDDE1A00639888 /* Store.swift in Sources */ = {isa = PBXBuildFile; fileRef = 80B5257C23CDDE1A00639888 /* Store.swift */; };
		80B5257F23CDF5CF00639888 /* CreateStepOneViewController.swift in Sources */ = {isa = PBXBuildFile; fileRef = 80B5257E23CDF5CF00639888 /* CreateStepOneViewController.swift */; };
		80B5258123CE1DF500639888 /* JoinStepTwoViewController.swift in Sources */ = {isa = PBXBuildFile; fileRef = 80B5258023CE1DF500639888 /* JoinStepTwoViewController.swift */; };
		80B5258323CE3ED400639888 /* PointsService.swift in Sources */ = {isa = PBXBuildFile; fileRef = 80B5258223CE3ED400639888 /* PointsService.swift */; };
		80B5258723CF007700639888 /* LocationResult.swift in Sources */ = {isa = PBXBuildFile; fileRef = 80B5258623CF007700639888 /* LocationResult.swift */; };
		80B5258B23CF23C700639888 /* ResultMapViewController.swift in Sources */ = {isa = PBXBuildFile; fileRef = 80B5258A23CF23C700639888 /* ResultMapViewController.swift */; };
		80B5258F23CF2FCD00639888 /* NearbyPoint.swift in Sources */ = {isa = PBXBuildFile; fileRef = 80B5258E23CF2FCD00639888 /* NearbyPoint.swift */; };
		80B5259123CF335400639888 /* NearbyPointCell.swift in Sources */ = {isa = PBXBuildFile; fileRef = 80B5259023CF335400639888 /* NearbyPointCell.swift */; };
		80B5259323CF4F5100639888 /* PlaceAnnotation.swift in Sources */ = {isa = PBXBuildFile; fileRef = 80B5259223CF4F5100639888 /* PlaceAnnotation.swift */; };
		80B5259523CF604C00639888 /* PlaceDetailViewController.swift in Sources */ = {isa = PBXBuildFile; fileRef = 80B5259423CF604C00639888 /* PlaceDetailViewController.swift */; };
		80B5259723CF629300639888 /* DescriptionCell.swift in Sources */ = {isa = PBXBuildFile; fileRef = 80B5259623CF629300639888 /* DescriptionCell.swift */; };
/* End PBXBuildFile section */

/* Begin PBXFileReference section */
		60DBA73155D364378A6712D9 /* Pods_MeetingPoint.framework */ = {isa = PBXFileReference; explicitFileType = wrapper.framework; includeInIndex = 0; path = Pods_MeetingPoint.framework; sourceTree = BUILT_PRODUCTS_DIR; };
		801E663F23CF692E0022942C /* InfoCell.swift */ = {isa = PBXFileReference; lastKnownFileType = sourcecode.swift; path = InfoCell.swift; sourceTree = "<group>"; };
		801E664123CF74830022942C /* LoaderViewController.swift */ = {isa = PBXFileReference; lastKnownFileType = sourcecode.swift; path = LoaderViewController.swift; sourceTree = "<group>"; };
		801E664323CF87C30022942C /* MeetingPoint.swift */ = {isa = PBXFileReference; lastKnownFileType = sourcecode.swift; path = MeetingPoint.swift; sourceTree = "<group>"; };
		801E664523CFAF680022942C /* Event.swift */ = {isa = PBXFileReference; lastKnownFileType = sourcecode.swift; path = Event.swift; sourceTree = "<group>"; };
		801E664723CFC4BA0022942C /* ChoiceListener.swift */ = {isa = PBXFileReference; lastKnownFileType = sourcecode.swift; path = ChoiceListener.swift; sourceTree = "<group>"; };
		80B5255F23CC882400639888 /* MeetingPoint.app */ = {isa = PBXFileReference; explicitFileType = wrapper.application; includeInIndex = 0; path = MeetingPoint.app; sourceTree = BUILT_PRODUCTS_DIR; };
		80B5256223CC882400639888 /* AppDelegate.swift */ = {isa = PBXFileReference; lastKnownFileType = sourcecode.swift; path = AppDelegate.swift; sourceTree = "<group>"; };
		80B5256423CC882400639888 /* CreateSessionViewController.swift */ = {isa = PBXFileReference; lastKnownFileType = sourcecode.swift; path = CreateSessionViewController.swift; sourceTree = "<group>"; };
		80B5256723CC882400639888 /* Base */ = {isa = PBXFileReference; lastKnownFileType = file.storyboard; name = Base; path = Base.lproj/Main.storyboard; sourceTree = "<group>"; };
		80B5256923CC882500639888 /* Assets.xcassets */ = {isa = PBXFileReference; lastKnownFileType = folder.assetcatalog; path = Assets.xcassets; sourceTree = "<group>"; };
		80B5256C23CC882500639888 /* Base */ = {isa = PBXFileReference; lastKnownFileType = file.storyboard; name = Base; path = Base.lproj/LaunchScreen.storyboard; sourceTree = "<group>"; };
		80B5256E23CC882500639888 /* Info.plist */ = {isa = PBXFileReference; lastKnownFileType = text.plist.xml; path = Info.plist; sourceTree = "<group>"; };
		80B5257423CC8A8500639888 /* GoogleService-Info.plist */ = {isa = PBXFileReference; fileEncoding = 4; lastKnownFileType = text.plist.xml; name = "GoogleService-Info.plist"; path = "../../../../Downloads/GoogleService-Info.plist"; sourceTree = "<group>"; };
		80B5257623CCB6C900639888 /* UserCell.swift */ = {isa = PBXFileReference; lastKnownFileType = sourcecode.swift; path = UserCell.swift; sourceTree = "<group>"; };
		80B5257823CCCE0B00639888 /* JoinSessionViewController.swift */ = {isa = PBXFileReference; lastKnownFileType = sourcecode.swift; path = JoinSessionViewController.swift; sourceTree = "<group>"; };
		80B5257A23CDCF5900639888 /* HomeViewController.swift */ = {isa = PBXFileReference; lastKnownFileType = sourcecode.swift; path = HomeViewController.swift; sourceTree = "<group>"; };
		80B5257C23CDDE1A00639888 /* Store.swift */ = {isa = PBXFileReference; lastKnownFileType = sourcecode.swift; path = Store.swift; sourceTree = "<group>"; };
		80B5257E23CDF5CF00639888 /* CreateStepOneViewController.swift */ = {isa = PBXFileReference; lastKnownFileType = sourcecode.swift; path = CreateStepOneViewController.swift; sourceTree = "<group>"; };
		80B5258023CE1DF500639888 /* JoinStepTwoViewController.swift */ = {isa = PBXFileReference; lastKnownFileType = sourcecode.swift; path = JoinStepTwoViewController.swift; sourceTree = "<group>"; };
		80B5258223CE3ED400639888 /* PointsService.swift */ = {isa = PBXFileReference; lastKnownFileType = sourcecode.swift; path = PointsService.swift; sourceTree = "<group>"; };
		80B5258623CF007700639888 /* LocationResult.swift */ = {isa = PBXFileReference; lastKnownFileType = sourcecode.swift; path = LocationResult.swift; sourceTree = "<group>"; };
		80B5258A23CF23C700639888 /* ResultMapViewController.swift */ = {isa = PBXFileReference; lastKnownFileType = sourcecode.swift; path = ResultMapViewController.swift; sourceTree = "<group>"; };
		80B5258E23CF2FCD00639888 /* NearbyPoint.swift */ = {isa = PBXFileReference; lastKnownFileType = sourcecode.swift; path = NearbyPoint.swift; sourceTree = "<group>"; };
		80B5259023CF335400639888 /* NearbyPointCell.swift */ = {isa = PBXFileReference; lastKnownFileType = sourcecode.swift; path = NearbyPointCell.swift; sourceTree = "<group>"; };
		80B5259223CF4F5100639888 /* PlaceAnnotation.swift */ = {isa = PBXFileReference; lastKnownFileType = sourcecode.swift; path = PlaceAnnotation.swift; sourceTree = "<group>"; };
		80B5259423CF604C00639888 /* PlaceDetailViewController.swift */ = {isa = PBXFileReference; lastKnownFileType = sourcecode.swift; path = PlaceDetailViewController.swift; sourceTree = "<group>"; };
		80B5259623CF629300639888 /* DescriptionCell.swift */ = {isa = PBXFileReference; lastKnownFileType = sourcecode.swift; path = DescriptionCell.swift; sourceTree = "<group>"; };
		B11946C5A04B125F8B636EBF /* Pods-MeetingPoint.debug.xcconfig */ = {isa = PBXFileReference; includeInIndex = 1; lastKnownFileType = text.xcconfig; name = "Pods-MeetingPoint.debug.xcconfig"; path = "Target Support Files/Pods-MeetingPoint/Pods-MeetingPoint.debug.xcconfig"; sourceTree = "<group>"; };
		B46CD5BB9F3DC3D11399EA93 /* Pods-MeetingPoint.release.xcconfig */ = {isa = PBXFileReference; includeInIndex = 1; lastKnownFileType = text.xcconfig; name = "Pods-MeetingPoint.release.xcconfig"; path = "Target Support Files/Pods-MeetingPoint/Pods-MeetingPoint.release.xcconfig"; sourceTree = "<group>"; };
/* End PBXFileReference section */

/* Begin PBXFrameworksBuildPhase section */
		80B5255C23CC882400639888 /* Frameworks */ = {
			isa = PBXFrameworksBuildPhase;
			buildActionMask = 2147483647;
			files = (
				743AAF4256D2035CD35211FA /* Pods_MeetingPoint.framework in Frameworks */,
			);
			runOnlyForDeploymentPostprocessing = 0;
		};
/* End PBXFrameworksBuildPhase section */

/* Begin PBXGroup section */
		24EC345D3E376F5C86FBB147 /* Pods */ = {
			isa = PBXGroup;
			children = (
				B11946C5A04B125F8B636EBF /* Pods-MeetingPoint.debug.xcconfig */,
				B46CD5BB9F3DC3D11399EA93 /* Pods-MeetingPoint.release.xcconfig */,
			);
			path = Pods;
			sourceTree = "<group>";
		};
		80B5255623CC882300639888 = {
			isa = PBXGroup;
			children = (
				80B5256123CC882400639888 /* MeetingPoint */,
				80B5256023CC882400639888 /* Products */,
				24EC345D3E376F5C86FBB147 /* Pods */,
				D918DBD94CD09E55C7F91FEE /* Frameworks */,
			);
			sourceTree = "<group>";
		};
		80B5256023CC882400639888 /* Products */ = {
			isa = PBXGroup;
			children = (
				80B5255F23CC882400639888 /* MeetingPoint.app */,
			);
			name = Products;
			sourceTree = "<group>";
		};
		80B5256123CC882400639888 /* MeetingPoint */ = {
			isa = PBXGroup;
			children = (
				80B5258823CF236E00639888 /* controllers */,
				80B5258523CF006000639888 /* model */,
				80B5258423CF001700639888 /* services */,
				80B5256223CC882400639888 /* AppDelegate.swift */,
				80B5256623CC882400639888 /* Main.storyboard */,
				80B5256923CC882500639888 /* Assets.xcassets */,
				80B5256B23CC882500639888 /* LaunchScreen.storyboard */,
				80B5256E23CC882500639888 /* Info.plist */,
				80B5257423CC8A8500639888 /* GoogleService-Info.plist */,
				80B5257C23CDDE1A00639888 /* Store.swift */,
				801E664723CFC4BA0022942C /* ChoiceListener.swift */,
			);
			path = MeetingPoint;
			sourceTree = "<group>";
		};
		80B5258423CF001700639888 /* services */ = {
			isa = PBXGroup;
			children = (
				80B5258223CE3ED400639888 /* PointsService.swift */,
			);
			path = services;
			sourceTree = "<group>";
		};
		80B5258523CF006000639888 /* model */ = {
			isa = PBXGroup;
			children = (
				80B5258623CF007700639888 /* LocationResult.swift */,
				80B5258E23CF2FCD00639888 /* NearbyPoint.swift */,
				80B5259223CF4F5100639888 /* PlaceAnnotation.swift */,
				801E664323CF87C30022942C /* MeetingPoint.swift */,
				801E664523CFAF680022942C /* Event.swift */,
			);
			path = model;
			sourceTree = "<group>";
		};
		80B5258823CF236E00639888 /* controllers */ = {
			isa = PBXGroup;
			children = (
				80B5258923CF23AA00639888 /* table-cells */,
				80B5256423CC882400639888 /* CreateSessionViewController.swift */,
				80B5257823CCCE0B00639888 /* JoinSessionViewController.swift */,
				80B5257A23CDCF5900639888 /* HomeViewController.swift */,
				80B5257E23CDF5CF00639888 /* CreateStepOneViewController.swift */,
				80B5258023CE1DF500639888 /* JoinStepTwoViewController.swift */,
				80B5258A23CF23C700639888 /* ResultMapViewController.swift */,
				80B5259423CF604C00639888 /* PlaceDetailViewController.swift */,
				801E664123CF74830022942C /* LoaderViewController.swift */,
			);
			path = controllers;
			sourceTree = "<group>";
		};
		80B5258923CF23AA00639888 /* table-cells */ = {
			isa = PBXGroup;
			children = (
				80B5257623CCB6C900639888 /* UserCell.swift */,
				80B5259023CF335400639888 /* NearbyPointCell.swift */,
				80B5259623CF629300639888 /* DescriptionCell.swift */,
				801E663F23CF692E0022942C /* InfoCell.swift */,
			);
			path = "table-cells";
			sourceTree = "<group>";
		};
		D918DBD94CD09E55C7F91FEE /* Frameworks */ = {
			isa = PBXGroup;
			children = (
				60DBA73155D364378A6712D9 /* Pods_MeetingPoint.framework */,
			);
			name = Frameworks;
			sourceTree = "<group>";
		};
/* End PBXGroup section */

/* Begin PBXNativeTarget section */
		80B5255E23CC882400639888 /* MeetingPoint */ = {
			isa = PBXNativeTarget;
			buildConfigurationList = 80B5257123CC882500639888 /* Build configuration list for PBXNativeTarget "MeetingPoint" */;
			buildPhases = (
				6574DFA2A544683E0D3F7CC1 /* [CP] Check Pods Manifest.lock */,
				80B5255B23CC882400639888 /* Sources */,
				80B5255C23CC882400639888 /* Frameworks */,
				80B5255D23CC882400639888 /* Resources */,
				DD110009502DFFBD75C9695A /* [CP] Embed Pods Frameworks */,
			);
			buildRules = (
			);
			dependencies = (
			);
			name = MeetingPoint;
			productName = MeetingPoint;
			productReference = 80B5255F23CC882400639888 /* MeetingPoint.app */;
			productType = "com.apple.product-type.application";
		};
/* End PBXNativeTarget section */

/* Begin PBXProject section */
		80B5255723CC882400639888 /* Project object */ = {
			isa = PBXProject;
			attributes = {
				LastSwiftUpdateCheck = 1030;
				LastUpgradeCheck = 1030;
				ORGANIZATIONNAME = Alphonse;
				TargetAttributes = {
					80B5255E23CC882400639888 = {
						CreatedOnToolsVersion = 10.3;
					};
				};
			};
			buildConfigurationList = 80B5255A23CC882400639888 /* Build configuration list for PBXProject "MeetingPoint" */;
			compatibilityVersion = "Xcode 9.3";
			developmentRegion = en;
			hasScannedForEncodings = 0;
			knownRegions = (
				en,
				Base,
			);
			mainGroup = 80B5255623CC882300639888;
			productRefGroup = 80B5256023CC882400639888 /* Products */;
			projectDirPath = "";
			projectRoot = "";
			targets = (
				80B5255E23CC882400639888 /* MeetingPoint */,
			);
		};
/* End PBXProject section */

/* Begin PBXResourcesBuildPhase section */
		80B5255D23CC882400639888 /* Resources */ = {
			isa = PBXResourcesBuildPhase;
			buildActionMask = 2147483647;
			files = (
				80B5256D23CC882500639888 /* LaunchScreen.storyboard in Resources */,
				80B5257523CC8A8500639888 /* GoogleService-Info.plist in Resources */,
				80B5256A23CC882500639888 /* Assets.xcassets in Resources */,
				80B5256823CC882400639888 /* Main.storyboard in Resources */,
			);
			runOnlyForDeploymentPostprocessing = 0;
		};
/* End PBXResourcesBuildPhase section */

/* Begin PBXShellScriptBuildPhase section */
		6574DFA2A544683E0D3F7CC1 /* [CP] Check Pods Manifest.lock */ = {
			isa = PBXShellScriptBuildPhase;
			buildActionMask = 2147483647;
			files = (
			);
			inputFileListPaths = (
			);
			inputPaths = (
				"${PODS_PODFILE_DIR_PATH}/Podfile.lock",
				"${PODS_ROOT}/Manifest.lock",
			);
			name = "[CP] Check Pods Manifest.lock";
			outputFileListPaths = (
			);
			outputPaths = (
				"$(DERIVED_FILE_DIR)/Pods-MeetingPoint-checkManifestLockResult.txt",
			);
			runOnlyForDeploymentPostprocessing = 0;
			shellPath = /bin/sh;
			shellScript = "diff \"${PODS_PODFILE_DIR_PATH}/Podfile.lock\" \"${PODS_ROOT}/Manifest.lock\" > /dev/null\nif [ $? != 0 ] ; then\n    # print error to STDERR\n    echo \"error: The sandbox is not in sync with the Podfile.lock. Run 'pod install' or update your CocoaPods installation.\" >&2\n    exit 1\nfi\n# This output is used by Xcode 'outputs' to avoid re-running this script phase.\necho \"SUCCESS\" > \"${SCRIPT_OUTPUT_FILE_0}\"\n";
			showEnvVarsInLog = 0;
		};
		DD110009502DFFBD75C9695A /* [CP] Embed Pods Frameworks */ = {
			isa = PBXShellScriptBuildPhase;
			buildActionMask = 2147483647;
			files = (
			);
			inputFileListPaths = (
				"${PODS_ROOT}/Target Support Files/Pods-MeetingPoint/Pods-MeetingPoint-frameworks-${CONFIGURATION}-input-files.xcfilelist",
			);
			name = "[CP] Embed Pods Frameworks";
			outputFileListPaths = (
				"${PODS_ROOT}/Target Support Files/Pods-MeetingPoint/Pods-MeetingPoint-frameworks-${CONFIGURATION}-output-files.xcfilelist",
			);
			runOnlyForDeploymentPostprocessing = 0;
			shellPath = /bin/sh;
			shellScript = "\"${PODS_ROOT}/Target Support Files/Pods-MeetingPoint/Pods-MeetingPoint-frameworks.sh\"\n";
			showEnvVarsInLog = 0;
		};
/* End PBXShellScriptBuildPhase section */

/* Begin PBXSourcesBuildPhase section */
		80B5255B23CC882400639888 /* Sources */ = {
			isa = PBXSourcesBuildPhase;
			buildActionMask = 2147483647;
			files = (
				80B5257B23CDCF5900639888 /* HomeViewController.swift in Sources */,
				80B5258323CE3ED400639888 /* PointsService.swift in Sources */,
				80B5258F23CF2FCD00639888 /* NearbyPoint.swift in Sources */,
				801E664823CFC4BA0022942C /* ChoiceListener.swift in Sources */,
				80B5257F23CDF5CF00639888 /* CreateStepOneViewController.swift in Sources */,
				801E664623CFAF680022942C /* Event.swift in Sources */,
				80B5259723CF629300639888 /* DescriptionCell.swift in Sources */,
				80B5259123CF335400639888 /* NearbyPointCell.swift in Sources */,
				80B5256523CC882400639888 /* CreateSessionViewController.swift in Sources */,
				80B5259323CF4F5100639888 /* PlaceAnnotation.swift in Sources */,
				80B5258B23CF23C700639888 /* ResultMapViewController.swift in Sources */,
				801E664423CF87C30022942C /* MeetingPoint.swift in Sources */,
				80B5257923CCCE0B00639888 /* JoinSessionViewController.swift in Sources */,
				80B5257D23CDDE1A00639888 /* Store.swift in Sources */,
				80B5256323CC882400639888 /* AppDelegate.swift in Sources */,
				801E664023CF692E0022942C /* InfoCell.swift in Sources */,
				801E664223CF74830022942C /* LoaderViewController.swift in Sources */,
				80B5257723CCB6C900639888 /* UserCell.swift in Sources */,
				80B5259523CF604C00639888 /* PlaceDetailViewController.swift in Sources */,
				80B5258723CF007700639888 /* LocationResult.swift in Sources */,
				80B5258123CE1DF500639888 /* JoinStepTwoViewController.swift in Sources */,
			);
			runOnlyForDeploymentPostprocessing = 0;
		};
/* End PBXSourcesBuildPhase section */

/* Begin PBXVariantGroup section */
		80B5256623CC882400639888 /* Main.storyboard */ = {
			isa = PBXVariantGroup;
			children = (
				80B5256723CC882400639888 /* Base */,
			);
			name = Main.storyboard;
			sourceTree = "<group>";
		};
		80B5256B23CC882500639888 /* LaunchScreen.storyboard */ = {
			isa = PBXVariantGroup;
			children = (
				80B5256C23CC882500639888 /* Base */,
			);
			name = LaunchScreen.storyboard;
			sourceTree = "<group>";
		};
/* End PBXVariantGroup section */

/* Begin XCBuildConfiguration section */
		80B5256F23CC882500639888 /* Debug */ = {
			isa = XCBuildConfiguration;
			buildSettings = {
				ALWAYS_SEARCH_USER_PATHS = NO;
				CLANG_ANALYZER_NONNULL = YES;
				CLANG_ANALYZER_NUMBER_OBJECT_CONVERSION = YES_AGGRESSIVE;
				CLANG_CXX_LANGUAGE_STANDARD = "gnu++14";
				CLANG_CXX_LIBRARY = "libc++";
				CLANG_ENABLE_MODULES = YES;
				CLANG_ENABLE_OBJC_ARC = YES;
				CLANG_ENABLE_OBJC_WEAK = YES;
				CLANG_WARN_BLOCK_CAPTURE_AUTORELEASING = YES;
				CLANG_WARN_BOOL_CONVERSION = YES;
				CLANG_WARN_COMMA = YES;
				CLANG_WARN_CONSTANT_CONVERSION = YES;
				CLANG_WARN_DEPRECATED_OBJC_IMPLEMENTATIONS = YES;
				CLANG_WARN_DIRECT_OBJC_ISA_USAGE = YES_ERROR;
				CLANG_WARN_DOCUMENTATION_COMMENTS = YES;
				CLANG_WARN_EMPTY_BODY = YES;
				CLANG_WARN_ENUM_CONVERSION = YES;
				CLANG_WARN_INFINITE_RECURSION = YES;
				CLANG_WARN_INT_CONVERSION = YES;
				CLANG_WARN_NON_LITERAL_NULL_CONVERSION = YES;
				CLANG_WARN_OBJC_IMPLICIT_RETAIN_SELF = YES;
				CLANG_WARN_OBJC_LITERAL_CONVERSION = YES;
				CLANG_WARN_OBJC_ROOT_CLASS = YES_ERROR;
				CLANG_WARN_RANGE_LOOP_ANALYSIS = YES;
				CLANG_WARN_STRICT_PROTOTYPES = YES;
				CLANG_WARN_SUSPICIOUS_MOVE = YES;
				CLANG_WARN_UNGUARDED_AVAILABILITY = YES_AGGRESSIVE;
				CLANG_WARN_UNREACHABLE_CODE = YES;
				CLANG_WARN__DUPLICATE_METHOD_MATCH = YES;
				CODE_SIGN_IDENTITY = "iPhone Developer";
				COPY_PHASE_STRIP = NO;
				DEBUG_INFORMATION_FORMAT = dwarf;
				ENABLE_STRICT_OBJC_MSGSEND = YES;
				ENABLE_TESTABILITY = YES;
				GCC_C_LANGUAGE_STANDARD = gnu11;
				GCC_DYNAMIC_NO_PIC = NO;
				GCC_NO_COMMON_BLOCKS = YES;
				GCC_OPTIMIZATION_LEVEL = 0;
				GCC_PREPROCESSOR_DEFINITIONS = (
					"DEBUG=1",
					"$(inherited)",
				);
				GCC_WARN_64_TO_32_BIT_CONVERSION = YES;
				GCC_WARN_ABOUT_RETURN_TYPE = YES_ERROR;
				GCC_WARN_UNDECLARED_SELECTOR = YES;
				GCC_WARN_UNINITIALIZED_AUTOS = YES_AGGRESSIVE;
				GCC_WARN_UNUSED_FUNCTION = YES;
				GCC_WARN_UNUSED_VARIABLE = YES;
				IPHONEOS_DEPLOYMENT_TARGET = 12.4;
				MTL_ENABLE_DEBUG_INFO = INCLUDE_SOURCE;
				MTL_FAST_MATH = YES;
				ONLY_ACTIVE_ARCH = YES;
				SDKROOT = iphoneos;
				SWIFT_ACTIVE_COMPILATION_CONDITIONS = DEBUG;
				SWIFT_OPTIMIZATION_LEVEL = "-Onone";
			};
			name = Debug;
		};
		80B5257023CC882500639888 /* Release */ = {
			isa = XCBuildConfiguration;
			buildSettings = {
				ALWAYS_SEARCH_USER_PATHS = NO;
				CLANG_ANALYZER_NONNULL = YES;
				CLANG_ANALYZER_NUMBER_OBJECT_CONVERSION = YES_AGGRESSIVE;
				CLANG_CXX_LANGUAGE_STANDARD = "gnu++14";
				CLANG_CXX_LIBRARY = "libc++";
				CLANG_ENABLE_MODULES = YES;
				CLANG_ENABLE_OBJC_ARC = YES;
				CLANG_ENABLE_OBJC_WEAK = YES;
				CLANG_WARN_BLOCK_CAPTURE_AUTORELEASING = YES;
				CLANG_WARN_BOOL_CONVERSION = YES;
				CLANG_WARN_COMMA = YES;
				CLANG_WARN_CONSTANT_CONVERSION = YES;
				CLANG_WARN_DEPRECATED_OBJC_IMPLEMENTATIONS = YES;
				CLANG_WARN_DIRECT_OBJC_ISA_USAGE = YES_ERROR;
				CLANG_WARN_DOCUMENTATION_COMMENTS = YES;
				CLANG_WARN_EMPTY_BODY = YES;
				CLANG_WARN_ENUM_CONVERSION = YES;
				CLANG_WARN_INFINITE_RECURSION = YES;
				CLANG_WARN_INT_CONVERSION = YES;
				CLANG_WARN_NON_LITERAL_NULL_CONVERSION = YES;
				CLANG_WARN_OBJC_IMPLICIT_RETAIN_SELF = YES;
				CLANG_WARN_OBJC_LITERAL_CONVERSION = YES;
				CLANG_WARN_OBJC_ROOT_CLASS = YES_ERROR;
				CLANG_WARN_RANGE_LOOP_ANALYSIS = YES;
				CLANG_WARN_STRICT_PROTOTYPES = YES;
				CLANG_WARN_SUSPICIOUS_MOVE = YES;
				CLANG_WARN_UNGUARDED_AVAILABILITY = YES_AGGRESSIVE;
				CLANG_WARN_UNREACHABLE_CODE = YES;
				CLANG_WARN__DUPLICATE_METHOD_MATCH = YES;
				CODE_SIGN_IDENTITY = "iPhone Developer";
				COPY_PHASE_STRIP = NO;
				DEBUG_INFORMATION_FORMAT = "dwarf-with-dsym";
				ENABLE_NS_ASSERTIONS = NO;
				ENABLE_STRICT_OBJC_MSGSEND = YES;
				GCC_C_LANGUAGE_STANDARD = gnu11;
				GCC_NO_COMMON_BLOCKS = YES;
				GCC_WARN_64_TO_32_BIT_CONVERSION = YES;
				GCC_WARN_ABOUT_RETURN_TYPE = YES_ERROR;
				GCC_WARN_UNDECLARED_SELECTOR = YES;
				GCC_WARN_UNINITIALIZED_AUTOS = YES_AGGRESSIVE;
				GCC_WARN_UNUSED_FUNCTION = YES;
				GCC_WARN_UNUSED_VARIABLE = YES;
				IPHONEOS_DEPLOYMENT_TARGET = 12.4;
				MTL_ENABLE_DEBUG_INFO = NO;
				MTL_FAST_MATH = YES;
				SDKROOT = iphoneos;
				SWIFT_COMPILATION_MODE = wholemodule;
				SWIFT_OPTIMIZATION_LEVEL = "-O";
				VALIDATE_PRODUCT = YES;
			};
			name = Release;
		};
		80B5257223CC882500639888 /* Debug */ = {
			isa = XCBuildConfiguration;
			baseConfigurationReference = B11946C5A04B125F8B636EBF /* Pods-MeetingPoint.debug.xcconfig */;
			buildSettings = {
				ASSETCATALOG_COMPILER_APPICON_NAME = AppIcon;
				CODE_SIGN_IDENTITY = "iPhone Developer";
				CODE_SIGN_STYLE = Automatic;
				DEVELOPMENT_TEAM = 5W83SF9Z93;
				INFOPLIST_FILE = MeetingPoint/Info.plist;
				LD_RUNPATH_SEARCH_PATHS = (
					"$(inherited)",
					"@executable_path/Frameworks",
				);
				PRODUCT_BUNDLE_IDENTIFIER = alphonse.MeetingPoint;
				PRODUCT_NAME = "$(TARGET_NAME)";
				PROVISIONING_PROFILE_SPECIFIER = "";
				SWIFT_VERSION = 5.0;
				TARGETED_DEVICE_FAMILY = "1,2";
			};
			name = Debug;
		};
		80B5257323CC882500639888 /* Release */ = {
			isa = XCBuildConfiguration;
			baseConfigurationReference = B46CD5BB9F3DC3D11399EA93 /* Pods-MeetingPoint.release.xcconfig */;
			buildSettings = {
				ASSETCATALOG_COMPILER_APPICON_NAME = AppIcon;
				CODE_SIGN_IDENTITY = "iPhone Developer";
				CODE_SIGN_STYLE = Automatic;
				DEVELOPMENT_TEAM = 5W83SF9Z93;
				INFOPLIST_FILE = MeetingPoint/Info.plist;
				LD_RUNPATH_SEARCH_PATHS = (
					"$(inherited)",
					"@executable_path/Frameworks",
				);
				PRODUCT_BUNDLE_IDENTIFIER = alphonse.MeetingPoint;
				PRODUCT_NAME = "$(TARGET_NAME)";
				PROVISIONING_PROFILE_SPECIFIER = "";
				SWIFT_VERSION = 5.0;
				TARGETED_DEVICE_FAMILY = "1,2";
			};
			name = Release;
		};
/* End XCBuildConfiguration section */

/* Begin XCConfigurationList section */
		80B5255A23CC882400639888 /* Build configuration list for PBXProject "MeetingPoint" */ = {
			isa = XCConfigurationList;
			buildConfigurations = (
				80B5256F23CC882500639888 /* Debug */,
				80B5257023CC882500639888 /* Release */,
			);
			defaultConfigurationIsVisible = 0;
			defaultConfigurationName = Release;
		};
		80B5257123CC882500639888 /* Build configuration list for PBXNativeTarget "MeetingPoint" */ = {
			isa = XCConfigurationList;
			buildConfigurations = (
				80B5257223CC882500639888 /* Debug */,
				80B5257323CC882500639888 /* Release */,
			);
			defaultConfigurationIsVisible = 0;
			defaultConfigurationName = Release;
		};
/* End XCConfigurationList section */
	};
	rootObject = 80B5255723CC882400639888 /* Project object */;
}
